
Microsoft Visual Studio Solution File, Format Version 12.00
# Visual Studio 14
VisualStudioVersion = 14.0.24720.0
MinimumVisualStudioVersion = 10.0.40219.1
Project("{FAE04EC0-301F-11D3-BF4B-00C04F79EFBC}") = "alterTesting", "alterTesting\alterTesting.csproj", "{5C4FECA2-0C53-4A48-AEC6-D66D3A659CAE}"
EndProject
Project("{FAE04EC0-301F-11D3-BF4B-00C04F79EFBC}") = "alterPlanner", "..\alterPlanner\alterPlanner.csproj", "{40FD4266-F7DE-4689-B9BA-A9F3772AB1E0}"
EndProject
Project("{FAE04EC0-301F-11D3-BF4B-00C04F79EFBC}") = "dateFunction", "..\Develop\dateFunction\dateFunction\dateFunction.csproj", "{7694A512-8F5D-43D4-A46E-90091E9C8C2D}"
EndProject
Global
	GlobalSection(SolutionConfigurationPlatforms) = preSolution
		Debug|Any CPU = Debug|Any CPU
		Release|Any CPU = Release|Any CPU
	EndGlobalSection
	GlobalSection(ProjectConfigurationPlatforms) = postSolution
		{5C4FECA2-0C53-4A48-AEC6-D66D3A659CAE}.Debug|Any CPU.ActiveCfg = Debug|Any CPU
		{5C4FECA2-0C53-4A48-AEC6-D66D3A659CAE}.Debug|Any CPU.Build.0 = Debug|Any CPU
		{5C4FECA2-0C53-4A48-AEC6-D66D3A659CAE}.Release|Any CPU.ActiveCfg = Release|Any CPU
		{5C4FECA2-0C53-4A48-AEC6-D66D3A659CAE}.Release|Any CPU.Build.0 = Release|Any CPU
		{40FD4266-F7DE-4689-B9BA-A9F3772AB1E0}.Debug|Any CPU.ActiveCfg = Debug|Any CPU
		{40FD4266-F7DE-4689-B9BA-A9F3772AB1E0}.Debug|Any CPU.Build.0 = Debug|Any CPU
		{40FD4266-F7DE-4689-B9BA-A9F3772AB1E0}.Release|Any CPU.ActiveCfg = Release|Any CPU
		{40FD4266-F7DE-4689-B9BA-A9F3772AB1E0}.Release|Any CPU.Build.0 = Release|Any CPU
		{7694A512-8F5D-43D4-A46E-90091E9C8C2D}.Debug|Any CPU.ActiveCfg = Debug|Any CPU
		{7694A512-8F5D-43D4-A46E-90091E9C8C2D}.Debug|Any CPU.Build.0 = Debug|Any CPU
		{7694A512-8F5D-43D4-A46E-90091E9C8C2D}.Release|Any CPU.ActiveCfg = Release|Any CPU
		{7694A512-8F5D-43D4-A46E-90091E9C8C2D}.Release|Any CPU.Build.0 = Release|Any CPU
	EndGlobalSection
	GlobalSection(SolutionProperties) = preSolution
		HideSolutionNode = FALSE
	EndGlobalSection
EndGlobal
